
Microsoft Visual Studio Solution File, Format Version 12.00
# Visual Studio Version 17
VisualStudioVersion = 17.10.35027.167
MinimumVisualStudioVersion = 10.0.40219.1
Project("{FAE04EC0-301F-11D3-BF4B-00C04F79EFBC}") = "OnShop", "OnShop.csproj", "{45722778-DC78-446D-BAEC-92F55FBF4EB7}"
EndProject
Global
	GlobalSection(SolutionConfigurationPlatforms) = preSolution
		Debug|Any CPU = Debug|Any CPU
		Release|Any CPU = Release|Any CPU
	EndGlobalSection
	GlobalSection(ProjectConfigurationPlatforms) = postSolution
		{45722778-DC78-446D-BAEC-92F55FBF4EB7}.Debug|Any CPU.ActiveCfg = Debug|Any CPU
		{45722778-DC78-446D-BAEC-92F55FBF4EB7}.Debug|Any CPU.Build.0 = Debug|Any CPU
		{45722778-DC78-446D-BAEC-92F55FBF4EB7}.Release|Any CPU.ActiveCfg = Release|Any CPU
		{45722778-DC78-446D-BAEC-92F55FBF4EB7}.Release|Any CPU.Build.0 = Release|Any CPU
	EndGlobalSection
	GlobalSection(SolutionProperties) = preSolution
		HideSolutionNode = FALSE
	EndGlobalSection
	GlobalSection(ExtensibilityGlobals) = postSolution
		SolutionGuid = {A01F62A2-D078-4D63-A27A-5BEF3662F29F}
	EndGlobalSection
EndGlobal
